// !$*UTF8*$!
{
	archiveVersion = 1;
	classes = {
	};
	objectVersion = 46;
	objects = {

/* Begin PBXBuildFile section */
		8C8B7ABD6A4594D350C23923 /* Pods_Notes.framework in Frameworks */ = {isa = PBXBuildFile; fileRef = C61AF34CDB6FF47AD867462B /* Pods_Notes.framework */; };
		DBABE6231D21D062009A73A6 /* main.m in Sources */ = {isa = PBXBuildFile; fileRef = DBABE6221D21D062009A73A6 /* main.m */; };
		DBABE6261D21D062009A73A6 /* AppDelegate.m in Sources */ = {isa = PBXBuildFile; fileRef = DBABE6251D21D062009A73A6 /* AppDelegate.m */; };
		DBABE6291D21D062009A73A6 /* ViewController.m in Sources */ = {isa = PBXBuildFile; fileRef = DBABE6281D21D062009A73A6 /* ViewController.m */; };
		DBABE62C1D21D062009A73A6 /* Main.storyboard in Resources */ = {isa = PBXBuildFile; fileRef = DBABE62A1D21D062009A73A6 /* Main.storyboard */; };
		DBABE62E1D21D062009A73A6 /* Assets.xcassets in Resources */ = {isa = PBXBuildFile; fileRef = DBABE62D1D21D062009A73A6 /* Assets.xcassets */; };
		DBABE6311D21D062009A73A6 /* LaunchScreen.storyboard in Resources */ = {isa = PBXBuildFile; fileRef = DBABE62F1D21D062009A73A6 /* LaunchScreen.storyboard */; };
		DBABE63C1D21D062009A73A6 /* NotesTests.m in Sources */ = {isa = PBXBuildFile; fileRef = DBABE63B1D21D062009A73A6 /* NotesTests.m */; };
		DBABE6471D21D062009A73A6 /* NotesUITests.m in Sources */ = {isa = PBXBuildFile; fileRef = DBABE6461D21D062009A73A6 /* NotesUITests.m */; };
		DBE4662A1D21FE2800FDE71C /* Model.m in Sources */ = {isa = PBXBuildFile; fileRef = DBE466291D21FE2800FDE71C /* Model.m */; };
		DBE4662D1D21FFC200FDE71C /* Note.m in Sources */ = {isa = PBXBuildFile; fileRef = DBE4662C1D21FFC200FDE71C /* Note.m */; };
		DBE466301D22210200FDE71C /* Notes.m in Sources */ = {isa = PBXBuildFile; fileRef = DBE4662F1D22210200FDE71C /* Notes.m */; };
		DBE466341D230ECE00FDE71C /* NotesTableViewController.m in Sources */ = {isa = PBXBuildFile; fileRef = DBE466331D230ECE00FDE71C /* NotesTableViewController.m */; };
		DBE466371D2317E100FDE71C /* NoteTableViewCell.m in Sources */ = {isa = PBXBuildFile; fileRef = DBE466361D2317E100FDE71C /* NoteTableViewCell.m */; };
/* End PBXBuildFile section */

/* Begin PBXContainerItemProxy section */
		DBABE6381D21D062009A73A6 /* PBXContainerItemProxy */ = {
			isa = PBXContainerItemProxy;
			containerPortal = DBABE6161D21D062009A73A6 /* Project object */;
			proxyType = 1;
			remoteGlobalIDString = DBABE61D1D21D062009A73A6;
			remoteInfo = Notes;
		};
		DBABE6431D21D062009A73A6 /* PBXContainerItemProxy */ = {
			isa = PBXContainerItemProxy;
			containerPortal = DBABE6161D21D062009A73A6 /* Project object */;
			proxyType = 1;
			remoteGlobalIDString = DBABE61D1D21D062009A73A6;
			remoteInfo = Notes;
		};
/* End PBXContainerItemProxy section */

/* Begin PBXFileReference section */
		42AD71A01E1989C083630676 /* Pods-Notes.debug.xcconfig */ = {isa = PBXFileReference; includeInIndex = 1; lastKnownFileType = text.xcconfig; name = "Pods-Notes.debug.xcconfig"; path = "Pods/Target Support Files/Pods-Notes/Pods-Notes.debug.xcconfig"; sourceTree = "<group>"; };
		C61AF34CDB6FF47AD867462B /* Pods_Notes.framework */ = {isa = PBXFileReference; explicitFileType = wrapper.framework; includeInIndex = 0; path = Pods_Notes.framework; sourceTree = BUILT_PRODUCTS_DIR; };
		D9BCF9BB48496D9AC03D16FA /* Pods-Notes.release.xcconfig */ = {isa = PBXFileReference; includeInIndex = 1; lastKnownFileType = text.xcconfig; name = "Pods-Notes.release.xcconfig"; path = "Pods/Target Support Files/Pods-Notes/Pods-Notes.release.xcconfig"; sourceTree = "<group>"; };
		DBABE61E1D21D062009A73A6 /* Notes.app */ = {isa = PBXFileReference; explicitFileType = wrapper.application; includeInIndex = 0; path = Notes.app; sourceTree = BUILT_PRODUCTS_DIR; };
		DBABE6221D21D062009A73A6 /* main.m */ = {isa = PBXFileReference; lastKnownFileType = sourcecode.c.objc; path = main.m; sourceTree = "<group>"; };
		DBABE6241D21D062009A73A6 /* AppDelegate.h */ = {isa = PBXFileReference; lastKnownFileType = sourcecode.c.h; path = AppDelegate.h; sourceTree = "<group>"; };
		DBABE6251D21D062009A73A6 /* AppDelegate.m */ = {isa = PBXFileReference; lastKnownFileType = sourcecode.c.objc; path = AppDelegate.m; sourceTree = "<group>"; };
		DBABE6271D21D062009A73A6 /* ViewController.h */ = {isa = PBXFileReference; lastKnownFileType = sourcecode.c.h; path = ViewController.h; sourceTree = "<group>"; };
		DBABE6281D21D062009A73A6 /* ViewController.m */ = {isa = PBXFileReference; lastKnownFileType = sourcecode.c.objc; path = ViewController.m; sourceTree = "<group>"; };
		DBABE62B1D21D062009A73A6 /* Base */ = {isa = PBXFileReference; lastKnownFileType = file.storyboard; name = Base; path = Base.lproj/Main.storyboard; sourceTree = "<group>"; };
		DBABE62D1D21D062009A73A6 /* Assets.xcassets */ = {isa = PBXFileReference; lastKnownFileType = folder.assetcatalog; path = Assets.xcassets; sourceTree = "<group>"; };
		DBABE6301D21D062009A73A6 /* Base */ = {isa = PBXFileReference; lastKnownFileType = file.storyboard; name = Base; path = Base.lproj/LaunchScreen.storyboard; sourceTree = "<group>"; };
		DBABE6321D21D062009A73A6 /* Info.plist */ = {isa = PBXFileReference; lastKnownFileType = text.plist.xml; path = Info.plist; sourceTree = "<group>"; };
		DBABE6371D21D062009A73A6 /* NotesTests.xctest */ = {isa = PBXFileReference; explicitFileType = wrapper.cfbundle; includeInIndex = 0; path = NotesTests.xctest; sourceTree = BUILT_PRODUCTS_DIR; };
		DBABE63B1D21D062009A73A6 /* NotesTests.m */ = {isa = PBXFileReference; lastKnownFileType = sourcecode.c.objc; path = NotesTests.m; sourceTree = "<group>"; };
		DBABE63D1D21D062009A73A6 /* Info.plist */ = {isa = PBXFileReference; lastKnownFileType = text.plist.xml; path = Info.plist; sourceTree = "<group>"; };
		DBABE6421D21D062009A73A6 /* NotesUITests.xctest */ = {isa = PBXFileReference; explicitFileType = wrapper.cfbundle; includeInIndex = 0; path = NotesUITests.xctest; sourceTree = BUILT_PRODUCTS_DIR; };
		DBABE6461D21D062009A73A6 /* NotesUITests.m */ = {isa = PBXFileReference; lastKnownFileType = sourcecode.c.objc; path = NotesUITests.m; sourceTree = "<group>"; };
		DBABE6481D21D062009A73A6 /* Info.plist */ = {isa = PBXFileReference; lastKnownFileType = text.plist.xml; path = Info.plist; sourceTree = "<group>"; };
		DBE466281D21FE2800FDE71C /* Model.h */ = {isa = PBXFileReference; fileEncoding = 4; lastKnownFileType = sourcecode.c.h; path = Model.h; sourceTree = "<group>"; };
		DBE466291D21FE2800FDE71C /* Model.m */ = {isa = PBXFileReference; fileEncoding = 4; lastKnownFileType = sourcecode.c.objc; path = Model.m; sourceTree = "<group>"; wrapsLines = 1; };
		DBE4662B1D21FFC200FDE71C /* Note.h */ = {isa = PBXFileReference; fileEncoding = 4; lastKnownFileType = sourcecode.c.h; path = Note.h; sourceTree = "<group>"; };
		DBE4662C1D21FFC200FDE71C /* Note.m */ = {isa = PBXFileReference; fileEncoding = 4; lastKnownFileType = sourcecode.c.objc; path = Note.m; sourceTree = "<group>"; };
		DBE4662E1D22210200FDE71C /* Notes.h */ = {isa = PBXFileReference; fileEncoding = 4; lastKnownFileType = sourcecode.c.h; path = Notes.h; sourceTree = "<group>"; };
		DBE4662F1D22210200FDE71C /* Notes.m */ = {isa = PBXFileReference; fileEncoding = 4; lastKnownFileType = sourcecode.c.objc; path = Notes.m; sourceTree = "<group>"; };
		DBE466321D230ECE00FDE71C /* NotesTableViewController.h */ = {isa = PBXFileReference; fileEncoding = 4; lastKnownFileType = sourcecode.c.h; path = NotesTableViewController.h; sourceTree = "<group>"; };
		DBE466331D230ECE00FDE71C /* NotesTableViewController.m */ = {isa = PBXFileReference; fileEncoding = 4; lastKnownFileType = sourcecode.c.objc; path = NotesTableViewController.m; sourceTree = "<group>"; };
		DBE466351D2317E100FDE71C /* NoteTableViewCell.h */ = {isa = PBXFileReference; fileEncoding = 4; lastKnownFileType = sourcecode.c.h; path = NoteTableViewCell.h; sourceTree = "<group>"; };
		DBE466361D2317E100FDE71C /* NoteTableViewCell.m */ = {isa = PBXFileReference; fileEncoding = 4; lastKnownFileType = sourcecode.c.objc; path = NoteTableViewCell.m; sourceTree = "<group>"; };
/* End PBXFileReference section */

/* Begin PBXFrameworksBuildPhase section */
		DBABE61B1D21D062009A73A6 /* Frameworks */ = {
			isa = PBXFrameworksBuildPhase;
			buildActionMask = 2147483647;
			files = (
				8C8B7ABD6A4594D350C23923 /* Pods_Notes.framework in Frameworks */,
			);
			runOnlyForDeploymentPostprocessing = 0;
		};
		DBABE6341D21D062009A73A6 /* Frameworks */ = {
			isa = PBXFrameworksBuildPhase;
			buildActionMask = 2147483647;
			files = (
			);
			runOnlyForDeploymentPostprocessing = 0;
		};
		DBABE63F1D21D062009A73A6 /* Frameworks */ = {
			isa = PBXFrameworksBuildPhase;
			buildActionMask = 2147483647;
			files = (
			);
			runOnlyForDeploymentPostprocessing = 0;
		};
/* End PBXFrameworksBuildPhase section */

/* Begin PBXGroup section */
		2C8638E4B1ECB541FE647D5E /* Frameworks */ = {
			isa = PBXGroup;
			children = (
				C61AF34CDB6FF47AD867462B /* Pods_Notes.framework */,
			);
			name = Frameworks;
			sourceTree = "<group>";
		};
		53D827D45D8C2DCE8FB648D1 /* Pods */ = {
			isa = PBXGroup;
			children = (
				42AD71A01E1989C083630676 /* Pods-Notes.debug.xcconfig */,
				D9BCF9BB48496D9AC03D16FA /* Pods-Notes.release.xcconfig */,
			);
			name = Pods;
			sourceTree = "<group>";
		};
		DBABE6151D21D062009A73A6 = {
			isa = PBXGroup;
			children = (
				DBABE6201D21D062009A73A6 /* Notes */,
				DBABE63A1D21D062009A73A6 /* NotesTests */,
				DBABE6451D21D062009A73A6 /* NotesUITests */,
				DBABE61F1D21D062009A73A6 /* Products */,
				53D827D45D8C2DCE8FB648D1 /* Pods */,
				2C8638E4B1ECB541FE647D5E /* Frameworks */,
			);
			sourceTree = "<group>";
		};
		DBABE61F1D21D062009A73A6 /* Products */ = {
			isa = PBXGroup;
			children = (
				DBABE61E1D21D062009A73A6 /* Notes.app */,
				DBABE6371D21D062009A73A6 /* NotesTests.xctest */,
				DBABE6421D21D062009A73A6 /* NotesUITests.xctest */,
			);
			name = Products;
			sourceTree = "<group>";
		};
		DBABE6201D21D062009A73A6 /* Notes */ = {
			isa = PBXGroup;
			children = (
				DBABE6241D21D062009A73A6 /* AppDelegate.h */,
				DBABE6251D21D062009A73A6 /* AppDelegate.m */,
				DBE466381D23190000FDE71C /* View */,
				DBE466311D22239E00FDE71C /* Model */,
				DBABE62A1D21D062009A73A6 /* Main.storyboard */,
				DBABE62D1D21D062009A73A6 /* Assets.xcassets */,
				DBABE62F1D21D062009A73A6 /* LaunchScreen.storyboard */,
				DBABE6321D21D062009A73A6 /* Info.plist */,
				DBABE6211D21D062009A73A6 /* Supporting Files */,
			);
			path = Notes;
			sourceTree = "<group>";
		};
		DBABE6211D21D062009A73A6 /* Supporting Files */ = {
			isa = PBXGroup;
			children = (
				DBABE6221D21D062009A73A6 /* main.m */,
			);
			name = "Supporting Files";
			sourceTree = "<group>";
		};
		DBABE63A1D21D062009A73A6 /* NotesTests */ = {
			isa = PBXGroup;
			children = (
				DBABE63B1D21D062009A73A6 /* NotesTests.m */,
				DBABE63D1D21D062009A73A6 /* Info.plist */,
			);
			path = NotesTests;
			sourceTree = "<group>";
		};
		DBABE6451D21D062009A73A6 /* NotesUITests */ = {
			isa = PBXGroup;
			children = (
				DBABE6461D21D062009A73A6 /* NotesUITests.m */,
				DBABE6481D21D062009A73A6 /* Info.plist */,
			);
			path = NotesUITests;
			sourceTree = "<group>";
		};
		DBE466311D22239E00FDE71C /* Model */ = {
			isa = PBXGroup;
			children = (
				DBE4662B1D21FFC200FDE71C /* Note.h */,
				DBE4662C1D21FFC200FDE71C /* Note.m */,
				DBE4662E1D22210200FDE71C /* Notes.h */,
				DBE4662F1D22210200FDE71C /* Notes.m */,
				DBE466281D21FE2800FDE71C /* Model.h */,
				DBE466291D21FE2800FDE71C /* Model.m */,
				DBE466351D2317E100FDE71C /* NoteTableViewCell.h */,
				DBE466361D2317E100FDE71C /* NoteTableViewCell.m */,
			);
			name = Model;
			sourceTree = "<group>";
		};
		DBE466381D23190000FDE71C /* View */ = {
			isa = PBXGroup;
			children = (
				DBABE6271D21D062009A73A6 /* ViewController.h */,
				DBABE6281D21D062009A73A6 /* ViewController.m */,
				DBE466321D230ECE00FDE71C /* NotesTableViewController.h */,
				DBE466331D230ECE00FDE71C /* NotesTableViewController.m */,
			);
			name = View;
			sourceTree = "<group>";
		};
/* End PBXGroup section */

/* Begin PBXNativeTarget section */
		DBABE61D1D21D062009A73A6 /* Notes */ = {
			isa = PBXNativeTarget;
			buildConfigurationList = DBABE64B1D21D062009A73A6 /* Build configuration list for PBXNativeTarget "Notes" */;
			buildPhases = (
				5B78F660807E06AE4F6AB187 /* [CP] Check Pods Manifest.lock */,
				DBABE61A1D21D062009A73A6 /* Sources */,
				DBABE61B1D21D062009A73A6 /* Frameworks */,
				DBABE61C1D21D062009A73A6 /* Resources */,
				B0EC4E514C361233F6090664 /* [CP] Embed Pods Frameworks */,
				3D889A78FBD2287B3A8A2856 /* [CP] Copy Pods Resources */,
			);
			buildRules = (
			);
			dependencies = (
			);
			name = Notes;
			productName = Notes;
			productReference = DBABE61E1D21D062009A73A6 /* Notes.app */;
			productType = "com.apple.product-type.application";
		};
		DBABE6361D21D062009A73A6 /* NotesTests */ = {
			isa = PBXNativeTarget;
			buildConfigurationList = DBABE64E1D21D062009A73A6 /* Build configuration list for PBXNativeTarget "NotesTests" */;
			buildPhases = (
				DBABE6331D21D062009A73A6 /* Sources */,
				DBABE6341D21D062009A73A6 /* Frameworks */,
				DBABE6351D21D062009A73A6 /* Resources */,
			);
			buildRules = (
			);
			dependencies = (
				DBABE6391D21D062009A73A6 /* PBXTargetDependency */,
			);
			name = NotesTests;
			productName = NotesTests;
			productReference = DBABE6371D21D062009A73A6 /* NotesTests.xctest */;
			productType = "com.apple.product-type.bundle.unit-test";
		};
		DBABE6411D21D062009A73A6 /* NotesUITests */ = {
			isa = PBXNativeTarget;
			buildConfigurationList = DBABE6511D21D062009A73A6 /* Build configuration list for PBXNativeTarget "NotesUITests" */;
			buildPhases = (
				DBABE63E1D21D062009A73A6 /* Sources */,
				DBABE63F1D21D062009A73A6 /* Frameworks */,
				DBABE6401D21D062009A73A6 /* Resources */,
			);
			buildRules = (
			);
			dependencies = (
				DBABE6441D21D062009A73A6 /* PBXTargetDependency */,
			);
			name = NotesUITests;
			productName = NotesUITests;
			productReference = DBABE6421D21D062009A73A6 /* NotesUITests.xctest */;
			productType = "com.apple.product-type.bundle.ui-testing";
		};
/* End PBXNativeTarget section */

/* Begin PBXProject section */
		DBABE6161D21D062009A73A6 /* Project object */ = {
			isa = PBXProject;
			attributes = {
				LastUpgradeCheck = 0730;
				ORGANIZATIONNAME = Thinkful;
				TargetAttributes = {
					DBABE61D1D21D062009A73A6 = {
						CreatedOnToolsVersion = 7.3.1;
					};
					DBABE6361D21D062009A73A6 = {
						CreatedOnToolsVersion = 7.3.1;
						TestTargetID = DBABE61D1D21D062009A73A6;
					};
					DBABE6411D21D062009A73A6 = {
						CreatedOnToolsVersion = 7.3.1;
						TestTargetID = DBABE61D1D21D062009A73A6;
					};
				};
			};
			buildConfigurationList = DBABE6191D21D062009A73A6 /* Build configuration list for PBXProject "Notes" */;
			compatibilityVersion = "Xcode 3.2";
			developmentRegion = English;
			hasScannedForEncodings = 0;
			knownRegions = (
				en,
				Base,
			);
			mainGroup = DBABE6151D21D062009A73A6;
			productRefGroup = DBABE61F1D21D062009A73A6 /* Products */;
			projectDirPath = "";
			projectRoot = "";
			targets = (
				DBABE61D1D21D062009A73A6 /* Notes */,
				DBABE6361D21D062009A73A6 /* NotesTests */,
				DBABE6411D21D062009A73A6 /* NotesUITests */,
			);
		};
/* End PBXProject section */

/* Begin PBXResourcesBuildPhase section */
		DBABE61C1D21D062009A73A6 /* Resources */ = {
			isa = PBXResourcesBuildPhase;
			buildActionMask = 2147483647;
			files = (
				DBABE6311D21D062009A73A6 /* LaunchScreen.storyboard in Resources */,
				DBABE62E1D21D062009A73A6 /* Assets.xcassets in Resources */,
				DBABE62C1D21D062009A73A6 /* Main.storyboard in Resources */,
			);
			runOnlyForDeploymentPostprocessing = 0;
		};
		DBABE6351D21D062009A73A6 /* Resources */ = {
			isa = PBXResourcesBuildPhase;
			buildActionMask = 2147483647;
			files = (
			);
			runOnlyForDeploymentPostprocessing = 0;
		};
		DBABE6401D21D062009A73A6 /* Resources */ = {
			isa = PBXResourcesBuildPhase;
			buildActionMask = 2147483647;
			files = (
			);
			runOnlyForDeploymentPostprocessing = 0;
		};
/* End PBXResourcesBuildPhase section */

/* Begin PBXShellScriptBuildPhase section */
		3D889A78FBD2287B3A8A2856 /* [CP] Copy Pods Resources */ = {
			isa = PBXShellScriptBuildPhase;
			buildActionMask = 2147483647;
			files = (
			);
			inputPaths = (
			);
			name = "[CP] Copy Pods Resources";
			outputPaths = (
			);
			runOnlyForDeploymentPostprocessing = 0;
			shellPath = /bin/sh;
			shellScript = "\"${SRCROOT}/Pods/Target Support Files/Pods-Notes/Pods-Notes-resources.sh\"\n";
			showEnvVarsInLog = 0;
		};
		5B78F660807E06AE4F6AB187 /* [CP] Check Pods Manifest.lock */ = {
			isa = PBXShellScriptBuildPhase;
			buildActionMask = 2147483647;
			files = (
			);
			inputPaths = (
			);
			name = "[CP] Check Pods Manifest.lock";
			outputPaths = (
			);
			runOnlyForDeploymentPostprocessing = 0;
			shellPath = /bin/sh;
			shellScript = "diff \"${PODS_ROOT}/../Podfile.lock\" \"${PODS_ROOT}/Manifest.lock\" > /dev/null\nif [[ $? != 0 ]] ; then\n    cat << EOM\nerror: The sandbox is not in sync with the Podfile.lock. Run 'pod install' or update your CocoaPods installation.\nEOM\n    exit 1\nfi\n";
			showEnvVarsInLog = 0;
		};
		B0EC4E514C361233F6090664 /* [CP] Embed Pods Frameworks */ = {
			isa = PBXShellScriptBuildPhase;
			buildActionMask = 2147483647;
			files = (
			);
			inputPaths = (
			);
			name = "[CP] Embed Pods Frameworks";
			outputPaths = (
			);
			runOnlyForDeploymentPostprocessing = 0;
			shellPath = /bin/sh;
			shellScript = "\"${SRCROOT}/Pods/Target Support Files/Pods-Notes/Pods-Notes-frameworks.sh\"\n";
			showEnvVarsInLog = 0;
		};
/* End PBXShellScriptBuildPhase section */

/* Begin PBXSourcesBuildPhase section */
		DBABE61A1D21D062009A73A6 /* Sources */ = {
			isa = PBXSourcesBuildPhase;
			buildActionMask = 2147483647;
			files = (
				DBE4662D1D21FFC200FDE71C /* Note.m in Sources */,
				DBABE6291D21D062009A73A6 /* ViewController.m in Sources */,
				DBABE6261D21D062009A73A6 /* AppDelegate.m in Sources */,
				DBE466301D22210200FDE71C /* Notes.m in Sources */,
				DBE466341D230ECE00FDE71C /* NotesTableViewController.m in Sources */,
				DBABE6231D21D062009A73A6 /* main.m in Sources */,
				DBE4662A1D21FE2800FDE71C /* Model.m in Sources */,
				DBE466371D2317E100FDE71C /* NoteTableViewCell.m in Sources */,
			);
			runOnlyForDeploymentPostprocessing = 0;
		};
		DBABE6331D21D062009A73A6 /* Sources */ = {
			isa = PBXSourcesBuildPhase;
			buildActionMask = 2147483647;
			files = (
				DBABE63C1D21D062009A73A6 /* NotesTests.m in Sources */,
			);
			runOnlyForDeploymentPostprocessing = 0;
		};
		DBABE63E1D21D062009A73A6 /* Sources */ = {
			isa = PBXSourcesBuildPhase;
			buildActionMask = 2147483647;
			files = (
				DBABE6471D21D062009A73A6 /* NotesUITests.m in Sources */,
			);
			runOnlyForDeploymentPostprocessing = 0;
		};
/* End PBXSourcesBuildPhase section */

/* Begin PBXTargetDependency section */
		DBABE6391D21D062009A73A6 /* PBXTargetDependency */ = {
			isa = PBXTargetDependency;
			target = DBABE61D1D21D062009A73A6 /* Notes */;
			targetProxy = DBABE6381D21D062009A73A6 /* PBXContainerItemProxy */;
		};
		DBABE6441D21D062009A73A6 /* PBXTargetDependency */ = {
			isa = PBXTargetDependency;
			target = DBABE61D1D21D062009A73A6 /* Notes */;
			targetProxy = DBABE6431D21D062009A73A6 /* PBXContainerItemProxy */;
		};
/* End PBXTargetDependency section */

/* Begin PBXVariantGroup section */
		DBABE62A1D21D062009A73A6 /* Main.storyboard */ = {
			isa = PBXVariantGroup;
			children = (
				DBABE62B1D21D062009A73A6 /* Base */,
			);
			name = Main.storyboard;
			sourceTree = "<group>";
		};
		DBABE62F1D21D062009A73A6 /* LaunchScreen.storyboard */ = {
			isa = PBXVariantGroup;
			children = (
				DBABE6301D21D062009A73A6 /* Base */,
			);
			name = LaunchScreen.storyboard;
			sourceTree = "<group>";
		};
/* End PBXVariantGroup section */

/* Begin XCBuildConfiguration section */
		DBABE6491D21D062009A73A6 /* Debug */ = {
			isa = XCBuildConfiguration;
			buildSettings = {
				ALWAYS_SEARCH_USER_PATHS = NO;
				CLANG_ANALYZER_NONNULL = YES;
				CLANG_CXX_LANGUAGE_STANDARD = "gnu++0x";
				CLANG_CXX_LIBRARY = "libc++";
				CLANG_ENABLE_MODULES = YES;
				CLANG_ENABLE_OBJC_ARC = YES;
				CLANG_WARN_BOOL_CONVERSION = YES;
				CLANG_WARN_CONSTANT_CONVERSION = YES;
				CLANG_WARN_DIRECT_OBJC_ISA_USAGE = YES_ERROR;
				CLANG_WARN_EMPTY_BODY = YES;
				CLANG_WARN_ENUM_CONVERSION = YES;
				CLANG_WARN_INT_CONVERSION = YES;
				CLANG_WARN_OBJC_ROOT_CLASS = YES_ERROR;
				CLANG_WARN_UNREACHABLE_CODE = YES;
				CLANG_WARN__DUPLICATE_METHOD_MATCH = YES;
				"CODE_SIGN_IDENTITY[sdk=iphoneos*]" = "iPhone Developer";
				COPY_PHASE_STRIP = NO;
				DEBUG_INFORMATION_FORMAT = dwarf;
				ENABLE_STRICT_OBJC_MSGSEND = YES;
				ENABLE_TESTABILITY = YES;
				GCC_C_LANGUAGE_STANDARD = gnu99;
				GCC_DYNAMIC_NO_PIC = NO;
				GCC_NO_COMMON_BLOCKS = YES;
				GCC_OPTIMIZATION_LEVEL = 0;
				GCC_PREPROCESSOR_DEFINITIONS = (
					"DEBUG=1",
					"$(inherited)",
				);
				GCC_WARN_64_TO_32_BIT_CONVERSION = YES;
				GCC_WARN_ABOUT_RETURN_TYPE = YES_ERROR;
				GCC_WARN_UNDECLARED_SELECTOR = YES;
				GCC_WARN_UNINITIALIZED_AUTOS = YES_AGGRESSIVE;
				GCC_WARN_UNUSED_FUNCTION = YES;
				GCC_WARN_UNUSED_VARIABLE = YES;
				IPHONEOS_DEPLOYMENT_TARGET = 9.3;
				MTL_ENABLE_DEBUG_INFO = YES;
				ONLY_ACTIVE_ARCH = YES;
				SDKROOT = iphoneos;
				TARGETED_DEVICE_FAMILY = "1,2";
			};
			name = Debug;
		};
		DBABE64A1D21D062009A73A6 /* Release */ = {
			isa = XCBuildConfiguration;
			buildSettings = {
				ALWAYS_SEARCH_USER_PATHS = NO;
				CLANG_ANALYZER_NONNULL = YES;
				CLANG_CXX_LANGUAGE_STANDARD = "gnu++0x";
				CLANG_CXX_LIBRARY = "libc++";
				CLANG_ENABLE_MODULES = YES;
				CLANG_ENABLE_OBJC_ARC = YES;
				CLANG_WARN_BOOL_CONVERSION = YES;
				CLANG_WARN_CONSTANT_CONVERSION = YES;
				CLANG_WARN_DIRECT_OBJC_ISA_USAGE = YES_ERROR;
				CLANG_WARN_EMPTY_BODY = YES;
				CLANG_WARN_ENUM_CONVERSION = YES;
				CLANG_WARN_INT_CONVERSION = YES;
				CLANG_WARN_OBJC_ROOT_CLASS = YES_ERROR;
				CLANG_WARN_UNREACHABLE_CODE = YES;
				CLANG_WARN__DUPLICATE_METHOD_MATCH = YES;
				"CODE_SIGN_IDENTITY[sdk=iphoneos*]" = "iPhone Developer";
				COPY_PHASE_STRIP = NO;
				DEBUG_INFORMATION_FORMAT = "dwarf-with-dsym";
				ENABLE_NS_ASSERTIONS = NO;
				ENABLE_STRICT_OBJC_MSGSEND = YES;
				GCC_C_LANGUAGE_STANDARD = gnu99;
				GCC_NO_COMMON_BLOCKS = YES;
				GCC_WARN_64_TO_32_BIT_CONVERSION = YES;
				GCC_WARN_ABOUT_RETURN_TYPE = YES_ERROR;
				GCC_WARN_UNDECLARED_SELECTOR = YES;
				GCC_WARN_UNINITIALIZED_AUTOS = YES_AGGRESSIVE;
				GCC_WARN_UNUSED_FUNCTION = YES;
				GCC_WARN_UNUSED_VARIABLE = YES;
				IPHONEOS_DEPLOYMENT_TARGET = 9.3;
				MTL_ENABLE_DEBUG_INFO = NO;
				SDKROOT = iphoneos;
				TARGETED_DEVICE_FAMILY = "1,2";
				VALIDATE_PRODUCT = YES;
			};
			name = Release;
		};
		DBABE64C1D21D062009A73A6 /* Debug */ = {
			isa = XCBuildConfiguration;
			baseConfigurationReference = 42AD71A01E1989C083630676 /* Pods-Notes.debug.xcconfig */;
			buildSettings = {
				ASSETCATALOG_COMPILER_APPICON_NAME = AppIcon;
				INFOPLIST_FILE = Notes/Info.plist;
				LD_RUNPATH_SEARCH_PATHS = "$(inherited) @executable_path/Frameworks";
				PRODUCT_BUNDLE_IDENTIFIER = com.thinkful.Notes;
				PRODUCT_NAME = "$(TARGET_NAME)";
			};
			name = Debug;
		};
		DBABE64D1D21D062009A73A6 /* Release */ = {
			isa = XCBuildConfiguration;
			baseConfigurationReference = D9BCF9BB48496D9AC03D16FA /* Pods-Notes.release.xcconfig */;
			buildSettings = {
				ASSETCATALOG_COMPILER_APPICON_NAME = AppIcon;
				INFOPLIST_FILE = Notes/Info.plist;
				LD_RUNPATH_SEARCH_PATHS = "$(inherited) @executable_path/Frameworks";
				PRODUCT_BUNDLE_IDENTIFIER = com.thinkful.Notes;
				PRODUCT_NAME = "$(TARGET_NAME)";
			};
			name = Release;
		};
		DBABE64F1D21D062009A73A6 /* Debug */ = {
			isa = XCBuildConfiguration;
			buildSettings = {
				BUNDLE_LOADER = "$(TEST_HOST)";
				INFOPLIST_FILE = NotesTests/Info.plist;
				LD_RUNPATH_SEARCH_PATHS = "$(inherited) @executable_path/Frameworks @loader_path/Frameworks";
				PRODUCT_BUNDLE_IDENTIFIER = com.thinkful.NotesTests;
				PRODUCT_NAME = "$(TARGET_NAME)";
				TEST_HOST = "$(BUILT_PRODUCTS_DIR)/Notes.app/Notes";
			};
			name = Debug;
		};
		DBABE6501D21D062009A73A6 /* Release */ = {
			isa = XCBuildConfiguration;
			buildSettings = {
				BUNDLE_LOADER = "$(TEST_HOST)";
				INFOPLIST_FILE = NotesTests/Info.plist;
				LD_RUNPATH_SEARCH_PATHS = "$(inherited) @executable_path/Frameworks @loader_path/Frameworks";
				PRODUCT_BUNDLE_IDENTIFIER = com.thinkful.NotesTests;
				PRODUCT_NAME = "$(TARGET_NAME)";
				TEST_HOST = "$(BUILT_PRODUCTS_DIR)/Notes.app/Notes";
			};
			name = Release;
		};
		DBABE6521D21D062009A73A6 /* Debug */ = {
			isa = XCBuildConfiguration;
			buildSettings = {
				INFOPLIST_FILE = NotesUITests/Info.plist;
				LD_RUNPATH_SEARCH_PATHS = "$(inherited) @executable_path/Frameworks @loader_path/Frameworks";
				PRODUCT_BUNDLE_IDENTIFIER = com.thinkful.NotesUITests;
				PRODUCT_NAME = "$(TARGET_NAME)";
				TEST_TARGET_NAME = Notes;
			};
			name = Debug;
		};
		DBABE6531D21D062009A73A6 /* Release */ = {
			isa = XCBuildConfiguration;
			buildSettings = {
				INFOPLIST_FILE = NotesUITests/Info.plist;
				LD_RUNPATH_SEARCH_PATHS = "$(inherited) @executable_path/Frameworks @loader_path/Frameworks";
				PRODUCT_BUNDLE_IDENTIFIER = com.thinkful.NotesUITests;
				PRODUCT_NAME = "$(TARGET_NAME)";
				TEST_TARGET_NAME = Notes;
			};
			name = Release;
		};
/* End XCBuildConfiguration section */

/* Begin XCConfigurationList section */
		DBABE6191D21D062009A73A6 /* Build configuration list for PBXProject "Notes" */ = {
			isa = XCConfigurationList;
			buildConfigurations = (
				DBABE6491D21D062009A73A6 /* Debug */,
				DBABE64A1D21D062009A73A6 /* Release */,
			);
			defaultConfigurationIsVisible = 0;
			defaultConfigurationName = Release;
		};
		DBABE64B1D21D062009A73A6 /* Build configuration list for PBXNativeTarget "Notes" */ = {
			isa = XCConfigurationList;
			buildConfigurations = (
				DBABE64C1D21D062009A73A6 /* Debug */,
				DBABE64D1D21D062009A73A6 /* Release */,
			);
			defaultConfigurationIsVisible = 0;
			defaultConfigurationName = Release;
		};
		DBABE64E1D21D062009A73A6 /* Build configuration list for PBXNativeTarget "NotesTests" */ = {
			isa = XCConfigurationList;
			buildConfigurations = (
				DBABE64F1D21D062009A73A6 /* Debug */,
				DBABE6501D21D062009A73A6 /* Release */,
			);
			defaultConfigurationIsVisible = 0;
			defaultConfigurationName = Release;
		};
		DBABE6511D21D062009A73A6 /* Build configuration list for PBXNativeTarget "NotesUITests" */ = {
			isa = XCConfigurationList;
			buildConfigurations = (
				DBABE6521D21D062009A73A6 /* Debug */,
				DBABE6531D21D062009A73A6 /* Release */,
			);
			defaultConfigurationIsVisible = 0;
			defaultConfigurationName = Release;
		};
/* End XCConfigurationList section */
	};
	rootObject = DBABE6161D21D062009A73A6 /* Project object */;
}
